<?xml version="1.0" encoding="utf-8"?>
<Project ToolsVersion="4.0" xmlns="http://schemas.microsoft.com/developer/msbuild/2003">
  <ItemGroup>
    <Filter Include="inc">
      <UniqueIdentifier>{937e16f0-15a0-456a-862a-f7e71d8a15bd}</UniqueIdentifier>
    </Filter>
    <Filter Include="src">
      <UniqueIdentifier>{7eb25850-c420-40cb-8589-b542676ffb2f}</UniqueIdentifier>
    </Filter>
    <Filter Include="cu">
      <UniqueIdentifier>{3be9f84b-1c4f-48c3-90b7-2ef57efdf79e}</UniqueIdentifier>
    </Filter>
  </ItemGroup>
  <ItemGroup>
    <ClInclude Include="..\..\..\src\activation_layer.h">
      <Filter>inc</Filter>
    </ClInclude>
    <ClInclude Include="..\..\..\src\activations.h">
      <Filter>inc</Filter>
    </ClInclude>
    <ClInclude Include="..\..\..\src\avgpool_layer.h">
      <Filter>inc</Filter>
    </ClInclude>
    <ClInclude Include="..\..\..\src\batchnorm_layer.h">
      <Filter>inc</Filter>
    </ClInclude>
    <ClInclude Include="..\..\..\src\blas.h">
      <Filter>inc</Filter>
    </ClInclude>
    <ClInclude Include="..\..\..\src\box.h">
      <Filter>inc</Filter>
    </ClInclude>
    <ClInclude Include="..\..\..\src\classifier.h">
      <Filter>inc</Filter>
    </ClInclude>
    <ClInclude Include="..\..\..\src\col2im.h">
      <Filter>inc</Filter>
    </ClInclude>
    <ClInclude Include="..\..\..\src\connected_layer.h">
      <Filter>inc</Filter>
    </ClInclude>
    <ClInclude Include="..\..\..\src\convolutional_layer.h">
      <Filter>inc</Filter>
    </ClInclude>
    <ClInclude Include="..\..\..\src\cost_layer.h">
      <Filter>inc</Filter>
    </ClInclude>
    <ClInclude Include="..\..\..\src\crnn_layer.h">
      <Filter>inc</Filter>
    </ClInclude>
    <ClInclude Include="..\..\..\src\crop_layer.h">
      <Filter>inc</Filter>
    </ClInclude>
    <ClInclude Include="..\..\..\src\cuda.h">
      <Filter>inc</Filter>
    </ClInclude>
    <ClInclude Include="..\..\..\include\darknet.h">
      <Filter>inc</Filter>
    </ClInclude>
    <ClInclude Include="..\..\..\src\data.h">
      <Filter>inc</Filter>
    </ClInclude>
    <ClInclude Include="..\..\..\src\deconvolutional_layer.h">
      <Filter>inc</Filter>
    </ClInclude>
    <ClInclude Include="..\..\..\src\demo.h">
      <Filter>inc</Filter>
    </ClInclude>
    <ClInclude Include="..\..\..\src\detection_layer.h">
      <Filter>inc</Filter>
    </ClInclude>
    <ClInclude Include="..\..\..\src\dropout_layer.h">
      <Filter>inc</Filter>
    </ClInclude>
    <ClInclude Include="..\..\..\src\gemm.h">
      <Filter>inc</Filter>
    </ClInclude>
    <ClInclude Include="..\..\..\src\gru_layer.h">
      <Filter>inc</Filter>
    </ClInclude>
    <ClInclude Include="..\..\..\src\im2col.h">
      <Filter>inc</Filter>
    </ClInclude>
    <ClInclude Include="..\..\..\src\image.h">
      <Filter>inc</Filter>
    </ClInclude>
    <ClInclude Include="..\..\..\src\l2norm_layer.h">
      <Filter>inc</Filter>
    </ClInclude>
    <ClInclude Include="..\..\..\src\layer.h">
      <Filter>inc</Filter>
    </ClInclude>
    <ClInclude Include="..\..\..\src\list.h">
      <Filter>inc</Filter>
    </ClInclude>
    <ClInclude Include="..\..\..\src\local_layer.h">
      <Filter>inc</Filter>
    </ClInclude>
    <ClInclude Include="..\..\..\src\logistic_layer.h">
      <Filter>inc</Filter>
    </ClInclude>
    <ClInclude Include="..\..\..\src\lstm_layer.h">
      <Filter>inc</Filter>
    </ClInclude>
    <ClInclude Include="..\..\..\src\matrix.h">
      <Filter>inc</Filter>
    </ClInclude>
    <ClInclude Include="..\..\..\src\maxpool_layer.h">
      <Filter>inc</Filter>
    </ClInclude>
    <ClInclude Include="..\..\..\src\network.h">
      <Filter>inc</Filter>
    </ClInclude>
    <ClInclude Include="..\..\..\src\normalization_layer.h">
      <Filter>inc</Filter>
    </ClInclude>
    <ClInclude Include="..\..\..\src\option_list.h">
      <Filter>inc</Filter>
    </ClInclude>
    <ClInclude Include="..\..\..\src\parser.h">
      <Filter>inc</Filter>
    </ClInclude>
    <ClInclude Include="..\..\..\src\region_layer.h">
      <Filter>inc</Filter>
    </ClInclude>
    <ClInclude Include="..\..\..\src\reorg_layer.h">
      <Filter>inc</Filter>
    </ClInclude>
    <ClInclude Include="..\..\..\src\rnn_layer.h">
      <Filter>inc</Filter>
    </ClInclude>
    <ClInclude Include="..\..\..\src\route_layer.h">
      <Filter>inc</Filter>
    </ClInclude>
    <ClInclude Include="..\..\..\src\shortcut_layer.h">
      <Filter>inc</Filter>
    </ClInclude>
    <ClInclude Include="..\..\..\src\softmax_layer.h">
      <Filter>inc</Filter>
    </ClInclude>
    <ClInclude Include="..\..\..\src\stb_image.h">
      <Filter>inc</Filter>
    </ClInclude>
    <ClInclude Include="..\..\..\src\stb_image_write.h">
      <Filter>inc</Filter>
    </ClInclude>
    <ClInclude Include="..\..\..\src\tree.h">
      <Filter>inc</Filter>
    </ClInclude>
    <ClInclude Include="..\..\..\src\upsample_layer.h">
      <Filter>inc</Filter>
    </ClInclude>
    <ClInclude Include="..\..\..\src\utils.h">
      <Filter>inc</Filter>
    </ClInclude>
    <ClInclude Include="..\..\..\src\yolo_layer.h">
      <Filter>inc</Filter>
    </ClInclude>
  </ItemGroup>
  <ItemGroup>
    <Image Include="..\..\..\data\horses.jpg">
      <Filter>inc</Filter>
    </Image>
  </ItemGroup>
  <ItemGroup>
    <None Include="..\..\..\cfg\imagenet9k.hierarchy.dataset">
      <Filter>inc</Filter>
    </None>
  </ItemGroup>
  <ItemGroup>
    <ClCompile Include="..\..\..\src\activation_layer.c">
      <Filter>src</Filter>
    </ClCompile>
    <ClCompile Include="..\..\..\src\activations.c">
      <Filter>src</Filter>
    </ClCompile>
    <ClCompile Include="..\..\..\examples\art.c">
      <Filter>src</Filter>
    </ClCompile>
    <ClCompile Include="..\..\..\examples\attention.c">
      <Filter>src</Filter>
    </ClCompile>
    <ClCompile Include="..\..\..\src\avgpool_layer.c">
      <Filter>src</Filter>
    </ClCompile>
    <ClCompile Include="..\..\..\src\batchnorm_layer.c">
      <Filter>src</Filter>
    </ClCompile>
    <ClCompile Include="..\..\..\src\blas.c">
      <Filter>src</Filter>
    </ClCompile>
    <ClCompile Include="..\..\..\src\box.c">
      <Filter>src</Filter>
    </ClCompile>
    <ClCompile Include="..\..\..\examples\captcha.c">
      <Filter>src</Filter>
    </ClCompile>
    <ClCompile Include="..\..\..\examples\cifar.c">
      <Filter>src</Filter>
    </ClCompile>
    <ClCompile Include="..\..\..\examples\classifier.c">
      <Filter>src</Filter>
    </ClCompile>
    <ClCompile Include="..\..\..\examples\coco.c">
      <Filter>src</Filter>
    </ClCompile>
    <ClCompile Include="..\..\..\src\col2im.c">
      <Filter>src</Filter>
    </ClCompile>
    <ClCompile Include="..\..\..\src\compare.c">
      <Filter>src</Filter>
    </ClCompile>
    <ClCompile Include="..\..\..\src\connected_layer.c">
      <Filter>src</Filter>
    </ClCompile>
    <ClCompile Include="..\..\..\src\convolutional_layer.c">
      <Filter>src</Filter>
    </ClCompile>
    <ClCompile Include="..\..\..\src\cost_layer.c">
      <Filter>src</Filter>
    </ClCompile>
    <ClCompile Include="..\..\..\src\crnn_layer.c">
      <Filter>src</Filter>
    </ClCompile>
    <ClCompile Include="..\..\..\src\crop_layer.c">
      <Filter>src</Filter>
    </ClCompile>
    <ClCompile Include="..\..\..\examples\darknet.c">
      <Filter>src</Filter>
    </ClCompile>
    <ClCompile Include="..\..\..\src\data.c">
      <Filter>src</Filter>
    </ClCompile>
    <ClCompile Include="..\..\..\src\deconvolutional_layer.c">
      <Filter>src</Filter>
    </ClCompile>
    <ClCompile Include="..\..\..\src\demo.c">
      <Filter>src</Filter>
    </ClCompile>
    <ClCompile Include="..\..\..\src\detection_layer.c">
      <Filter>src</Filter>
    </ClCompile>
    <ClCompile Include="..\..\..\examples\detector.c">
      <Filter>src</Filter>
    </ClCompile>
    <ClCompile Include="..\..\..\examples\dice.c">
      <Filter>src</Filter>
    </ClCompile>
    <ClCompile Include="..\..\..\src\dropout_layer.c">
      <Filter>src</Filter>
    </ClCompile>
    <ClCompile Include="..\..\..\src\gemm.c">
      <Filter>src</Filter>
    </ClCompile>
    <ClCompile Include="..\..\..\examples\go.c">
      <Filter>src</Filter>
    </ClCompile>
    <ClCompile Include="..\..\..\src\gru_layer.c">
      <Filter>src</Filter>
    </ClCompile>
    <ClCompile Include="..\..\..\src\im2col.c">
      <Filter>src</Filter>
    </ClCompile>
    <ClCompile Include="..\..\..\src\image.c">
      <Filter>src</Filter>
    </ClCompile>
    <ClCompile Include="..\..\..\src\l2norm_layer.c">
      <Filter>src</Filter>
    </ClCompile>
    <ClCompile Include="..\..\..\src\layer.c">
      <Filter>src</Filter>
    </ClCompile>
    <ClCompile Include="..\..\..\src\list.c">
      <Filter>src</Filter>
    </ClCompile>
    <ClCompile Include="..\..\..\src\local_layer.c">
      <Filter>src</Filter>
    </ClCompile>
    <ClCompile Include="..\..\..\src\logistic_layer.c">
      <Filter>src</Filter>
    </ClCompile>
    <ClCompile Include="..\..\..\examples\lsd.c">
      <Filter>src</Filter>
    </ClCompile>
    <ClCompile Include="..\..\..\src\lstm_layer.c">
      <Filter>src</Filter>
    </ClCompile>
    <ClCompile Include="..\..\..\src\matrix.c">
      <Filter>src</Filter>
    </ClCompile>
    <ClCompile Include="..\..\..\src\maxpool_layer.c">
      <Filter>src</Filter>
    </ClCompile>
    <ClCompile Include="..\..\..\src\network.c">
      <Filter>src</Filter>
    </ClCompile>
    <ClCompile Include="..\..\..\examples\nightmare.c">
      <Filter>src</Filter>
    </ClCompile>
    <ClCompile Include="..\..\..\src\normalization_layer.c">
      <Filter>src</Filter>
    </ClCompile>
    <ClCompile Include="..\..\..\src\option_list.c">
      <Filter>src</Filter>
    </ClCompile>
    <ClCompile Include="..\..\..\src\parser.c">
      <Filter>src</Filter>
    </ClCompile>
    <ClCompile Include="..\..\..\src\region_layer.c">
      <Filter>src</Filter>
    </ClCompile>
    <ClCompile Include="..\..\..\examples\regressor.c">
      <Filter>src</Filter>
    </ClCompile>
    <ClCompile Include="..\..\..\src\reorg_layer.c">
      <Filter>src</Filter>
    </ClCompile>
    <ClCompile Include="..\..\..\examples\rnn.c">
      <Filter>src</Filter>
    </ClCompile>
    <ClCompile Include="..\..\..\src\rnn_layer.c">
      <Filter>src</Filter>
    </ClCompile>
    <ClCompile Include="..\..\..\examples\rnn_vid.c">
      <Filter>src</Filter>
    </ClCompile>
    <ClCompile Include="..\..\..\src\route_layer.c">
      <Filter>src</Filter>
    </ClCompile>
    <ClCompile Include="..\..\..\examples\segmenter.c">
      <Filter>src</Filter>
    </ClCompile>
    <ClCompile Include="..\..\..\src\shortcut_layer.c">
      <Filter>src</Filter>
    </ClCompile>
    <ClCompile Include="..\..\..\src\softmax_layer.c">
      <Filter>src</Filter>
    </ClCompile>
    <ClCompile Include="..\..\..\examples\super.c">
      <Filter>src</Filter>
    </ClCompile>
    <ClCompile Include="..\..\..\examples\swag.c">
      <Filter>src</Filter>
    </ClCompile>
    <ClCompile Include="..\..\..\examples\tag.c">
      <Filter>src</Filter>
    </ClCompile>
    <ClCompile Include="..\..\..\src\tree.c">
      <Filter>src</Filter>
    </ClCompile>
    <ClCompile Include="..\..\..\src\upsample_layer.c">
      <Filter>src</Filter>
    </ClCompile>
    <ClCompile Include="..\..\..\src\utils.c">
      <Filter>src</Filter>
    </ClCompile>
    <ClCompile Include="..\..\..\examples\voxel.c">
      <Filter>src</Filter>
    </ClCompile>
    <ClCompile Include="..\..\..\examples\writing.c">
      <Filter>src</Filter>
    </ClCompile>
    <ClCompile Include="..\..\..\examples\yolo.c">
      <Filter>src</Filter>
    </ClCompile>
    <ClCompile Include="..\..\..\src\yolo_layer.c">
      <Filter>src</Filter>
    </ClCompile>
    <ClCompile Include="..\..\..\src\cuda.c">
      <Filter>src</Filter>
    </ClCompile>
  </ItemGroup>
  <ItemGroup>
    <CudaCompile Include="..\..\..\src\activation_kernels.cu">
      <Filter>cu</Filter>
    </CudaCompile>
    <CudaCompile Include="..\..\..\src\avgpool_layer_kernels.cu">
      <Filter>cu</Filter>
    </CudaCompile>
    <CudaCompile Include="..\..\..\src\blas_kernels.cu">
      <Filter>cu</Filter>
    </CudaCompile>
    <CudaCompile Include="..\..\..\src\col2im_kernels.cu">
      <Filter>cu</Filter>
    </CudaCompile>
    <CudaCompile Include="..\..\..\src\convolutional_kernels.cu">
      <Filter>cu</Filter>
    </CudaCompile>
    <CudaCompile Include="..\..\..\src\crop_layer_kernels.cu">
      <Filter>cu</Filter>
    </CudaCompile>
    <CudaCompile Include="..\..\..\src\deconvolutional_kernels.cu">
      <Filter>cu</Filter>
    </CudaCompile>
    <CudaCompile Include="..\..\..\src\dropout_layer_kernels.cu">
      <Filter>cu</Filter>
    </CudaCompile>
    <CudaCompile Include="..\..\..\src\im2col_kernels.cu">
      <Filter>cu</Filter>
    </CudaCompile>
    <CudaCompile Include="..\..\..\src\maxpool_layer_kernels.cu">
      <Filter>cu</Filter>
    </CudaCompile>
  </ItemGroup>
</Project>